<Solution>
  <Folder Name="/Docs/">
    <File Path="../../../../Users/emsto/Downloads/PITL DotNet Coding Challenge2025 (003).pdf" />
  </Folder>
  <Folder Name="/Src/">
    <Project Path="ReportGenerator.Core/ReportGenerator.Core.csproj" />
    <Project Path="ReportGenerator.WindowsService/ReportGenerator.WindowsService.csproj" />
  </Folder>
</Solution>
